
Microsoft Visual Studio Solution File, Format Version 12.00
# Visual Studio Version 16
VisualStudioVersion = 16.0.30114.105
MinimumVisualStudioVersion = 10.0.40219.1
Project("{FAE04EC0-301F-11D3-BF4B-00C04F79EFBC}") = "StringLibrary", "StringLibrary\StringLibrary.csproj", "{5F6FD1CA-325D-4F9A-B2A7-F51F7BA23EA3}"
EndProject
Project("{FAE04EC0-301F-11D3-BF4B-00C04F79EFBC}") = "ShowCase", "ShowCase\ShowCase.csproj", "{1F72AC22-64EA-4F1D-A368-A4FDC280A706}"
EndProject
Project("{FAE04EC0-301F-11D3-BF4B-00C04F79EFBC}") = "StringLibraryTest", "StringLibraryTest\StringLibraryTest.csproj", "{BECD93E6-2B8F-419A-B42B-80A64B96C1B0}"
EndProject
Global
	GlobalSection(SolutionConfigurationPlatforms) = preSolution
		Debug|Any CPU = Debug|Any CPU
		Release|Any CPU = Release|Any CPU
	EndGlobalSection
	GlobalSection(SolutionProperties) = preSolution
		HideSolutionNode = FALSE
	EndGlobalSection
	GlobalSection(ProjectConfigurationPlatforms) = postSolution
		{5F6FD1CA-325D-4F9A-B2A7-F51F7BA23EA3}.Debug|Any CPU.ActiveCfg = Debug|Any CPU
		{5F6FD1CA-325D-4F9A-B2A7-F51F7BA23EA3}.Debug|Any CPU.Build.0 = Debug|Any CPU
		{5F6FD1CA-325D-4F9A-B2A7-F51F7BA23EA3}.Release|Any CPU.ActiveCfg = Release|Any CPU
		{5F6FD1CA-325D-4F9A-B2A7-F51F7BA23EA3}.Release|Any CPU.Build.0 = Release|Any CPU
		{1F72AC22-64EA-4F1D-A368-A4FDC280A706}.Debug|Any CPU.ActiveCfg = Debug|Any CPU
		{1F72AC22-64EA-4F1D-A368-A4FDC280A706}.Debug|Any CPU.Build.0 = Debug|Any CPU
		{1F72AC22-64EA-4F1D-A368-A4FDC280A706}.Release|Any CPU.ActiveCfg = Release|Any CPU
		{1F72AC22-64EA-4F1D-A368-A4FDC280A706}.Release|Any CPU.Build.0 = Release|Any CPU
		{BECD93E6-2B8F-419A-B42B-80A64B96C1B0}.Debug|Any CPU.ActiveCfg = Debug|Any CPU
		{BECD93E6-2B8F-419A-B42B-80A64B96C1B0}.Debug|Any CPU.Build.0 = Debug|Any CPU
		{BECD93E6-2B8F-419A-B42B-80A64B96C1B0}.Release|Any CPU.ActiveCfg = Release|Any CPU
		{BECD93E6-2B8F-419A-B42B-80A64B96C1B0}.Release|Any CPU.Build.0 = Release|Any CPU
	EndGlobalSection
EndGlobal
